
Microsoft Visual Studio Solution File, Format Version 12.00
# Visual Studio Version 17
VisualStudioVersion = 17.8.34511.84
MinimumVisualStudioVersion = 10.0.40219.1
Project("{FAE04EC0-301F-11D3-BF4B-00C04F79EFBC}") = "AutoBot", "AutoBot\AutoBot.csproj", "{9134B698-CFD3-46BA-BCA9-6E0D8EE4D1A6}"
EndProject
Global
	GlobalSection(SolutionConfigurationPlatforms) = preSolution
		Debug|Any CPU = Debug|Any CPU
		Release|Any CPU = Release|Any CPU
	EndGlobalSection
	GlobalSection(ProjectConfigurationPlatforms) = postSolution
		{9134B698-CFD3-46BA-BCA9-6E0D8EE4D1A6}.Debug|Any CPU.ActiveCfg = Debug|Any CPU
		{9134B698-CFD3-46BA-BCA9-6E0D8EE4D1A6}.Debug|Any CPU.Build.0 = Debug|Any CPU
		{9134B698-CFD3-46BA-BCA9-6E0D8EE4D1A6}.Release|Any CPU.ActiveCfg = Release|Any CPU
		{9134B698-CFD3-46BA-BCA9-6E0D8EE4D1A6}.Release|Any CPU.Build.0 = Release|Any CPU
	EndGlobalSection
	GlobalSection(SolutionProperties) = preSolution
		HideSolutionNode = FALSE
	EndGlobalSection
	GlobalSection(ExtensibilityGlobals) = postSolution
		SolutionGuid = {C73395AE-9CFF-40B7-B7DA-ED7FA5959A09}
	EndGlobalSection
EndGlobal
